
Microsoft Visual Studio Solution File, Format Version 12.00
# Visual Studio 15
VisualStudioVersion = 15.0.28307.168
MinimumVisualStudioVersion = 10.0.40219.1
Project("{FAE04EC0-301F-11D3-BF4B-00C04F79EFBC}") = "WpfApp1", "WpfApp1\WpfApp1.csproj", "{4EEF79F8-959D-4BE6-B6F4-2968C7062A65}"
EndProject
Global
	GlobalSection(SolutionConfigurationPlatforms) = preSolution
		Debug|Any CPU = Debug|Any CPU
		Release|Any CPU = Release|Any CPU
	EndGlobalSection
	GlobalSection(ProjectConfigurationPlatforms) = postSolution
		{4EEF79F8-959D-4BE6-B6F4-2968C7062A65}.Debug|Any CPU.ActiveCfg = Debug|Any CPU
		{4EEF79F8-959D-4BE6-B6F4-2968C7062A65}.Debug|Any CPU.Build.0 = Debug|Any CPU
		{4EEF79F8-959D-4BE6-B6F4-2968C7062A65}.Release|Any CPU.ActiveCfg = Release|Any CPU
		{4EEF79F8-959D-4BE6-B6F4-2968C7062A65}.Release|Any CPU.Build.0 = Release|Any CPU
	EndGlobalSection
	GlobalSection(SolutionProperties) = preSolution
		HideSolutionNode = FALSE
	EndGlobalSection
	GlobalSection(ExtensibilityGlobals) = postSolution
		SolutionGuid = {44393D8D-9686-4E7F-BD16-9B60C0C1D37F}
	EndGlobalSection
EndGlobal
